
Microsoft Visual Studio Solution File, Format Version 12.00
# Visual Studio Version 16
VisualStudioVersion = 16.0.30523.141
MinimumVisualStudioVersion = 10.0.40219.1
Project("{FAE04EC0-301F-11D3-BF4B-00C04F79EFBC}") = "SWE1_MTCG", "SWE1_MTCG.csproj", "{F4E9488B-367B-4FF1-8C5A-B0218445B086}"
EndProject
Global
	GlobalSection(SolutionConfigurationPlatforms) = preSolution
		Debug|Any CPU = Debug|Any CPU
		Release|Any CPU = Release|Any CPU
	EndGlobalSection
	GlobalSection(ProjectConfigurationPlatforms) = postSolution
		{F4E9488B-367B-4FF1-8C5A-B0218445B086}.Debug|Any CPU.ActiveCfg = Debug|Any CPU
		{F4E9488B-367B-4FF1-8C5A-B0218445B086}.Debug|Any CPU.Build.0 = Debug|Any CPU
		{F4E9488B-367B-4FF1-8C5A-B0218445B086}.Release|Any CPU.ActiveCfg = Release|Any CPU
		{F4E9488B-367B-4FF1-8C5A-B0218445B086}.Release|Any CPU.Build.0 = Release|Any CPU
	EndGlobalSection
	GlobalSection(SolutionProperties) = preSolution
		HideSolutionNode = FALSE
	EndGlobalSection
	GlobalSection(ExtensibilityGlobals) = postSolution
		SolutionGuid = {887FD11B-47A3-4135-8DAE-3F60301BFEF2}
	EndGlobalSection
EndGlobal
